
Microsoft Visual Studio Solution File, Format Version 12.00
# Visual Studio Version 16
VisualStudioVersion = 16.0.29911.84
MinimumVisualStudioVersion = 10.0.40219.1
Project("{FAE04EC0-301F-11D3-BF4B-00C04F79EFBC}") = "ThirdAssignment", "ThirdAssignment.csproj", "{DC5CE4B8-C925-488C-A32B-12A7AA796543}"
EndProject
Global
	GlobalSection(SolutionConfigurationPlatforms) = preSolution
		Debug|Any CPU = Debug|Any CPU
		Release|Any CPU = Release|Any CPU
	EndGlobalSection
	GlobalSection(ProjectConfigurationPlatforms) = postSolution
		{DC5CE4B8-C925-488C-A32B-12A7AA796543}.Debug|Any CPU.ActiveCfg = Debug|Any CPU
		{DC5CE4B8-C925-488C-A32B-12A7AA796543}.Debug|Any CPU.Build.0 = Debug|Any CPU
		{DC5CE4B8-C925-488C-A32B-12A7AA796543}.Release|Any CPU.ActiveCfg = Release|Any CPU
		{DC5CE4B8-C925-488C-A32B-12A7AA796543}.Release|Any CPU.Build.0 = Release|Any CPU
	EndGlobalSection
	GlobalSection(SolutionProperties) = preSolution
		HideSolutionNode = FALSE
	EndGlobalSection
	GlobalSection(ExtensibilityGlobals) = postSolution
		SolutionGuid = {0222FD01-835A-4E17-B289-894279369168}
	EndGlobalSection
EndGlobal
